// !$*UTF8*$!
{
	archiveVersion = 1;
	classes = {
	};
	objectVersion = 46;
	objects = {

/* Begin PBXBuildFile section */
		1B5504391DD1004A0043E319 /* AppDelegate.swift in Sources */ = {isa = PBXBuildFile; fileRef = 1B5504381DD1004A0043E319 /* AppDelegate.swift */; };
		1B55043E1DD1004A0043E319 /* Main.storyboard in Resources */ = {isa = PBXBuildFile; fileRef = 1B55043C1DD1004A0043E319 /* Main.storyboard */; };
		1B5504411DD1004A0043E319 /* SlapChat.xcdatamodeld in Sources */ = {isa = PBXBuildFile; fileRef = 1B55043F1DD1004A0043E319 /* SlapChat.xcdatamodeld */; };
		1B5504431DD1004A0043E319 /* Assets.xcassets in Resources */ = {isa = PBXBuildFile; fileRef = 1B5504421DD1004A0043E319 /* Assets.xcassets */; };
		1B5504461DD1004A0043E319 /* LaunchScreen.storyboard in Resources */ = {isa = PBXBuildFile; fileRef = 1B5504441DD1004A0043E319 /* LaunchScreen.storyboard */; };
		1B5504701DD102400043E319 /* AddMessageViewController.swift in Sources */ = {isa = PBXBuildFile; fileRef = 1B55046D1DD102400043E319 /* AddMessageViewController.swift */; };
		1B5504711DD102400043E319 /* DataStore.swift in Sources */ = {isa = PBXBuildFile; fileRef = 1B55046E1DD102400043E319 /* DataStore.swift */; };
		1B5504721DD102400043E319 /* TableViewController.swift in Sources */ = {isa = PBXBuildFile; fileRef = 1B55046F1DD102400043E319 /* TableViewController.swift */; };
		8F68DA0F1E1466D7006F842D /* SlapChatTests.swift in Sources */ = {isa = PBXBuildFile; fileRef = 8F68DA0E1E1466D7006F842D /* SlapChatTests.swift */; };
		F0149F271E7ABFA9003CBA1E /* RecipientTableViewController.swift in Sources */ = {isa = PBXBuildFile; fileRef = F0149F261E7ABFA9003CBA1E /* RecipientTableViewController.swift */; };
		F0149F291E7AD20C003CBA1E /* AddRecipientViewController.swift in Sources */ = {isa = PBXBuildFile; fileRef = F0149F281E7AD20C003CBA1E /* AddRecipientViewController.swift */; };
/* End PBXBuildFile section */

/* Begin PBXContainerItemProxy section */
		8F68DA111E1466D7006F842D /* PBXContainerItemProxy */ = {
			isa = PBXContainerItemProxy;
			containerPortal = 1B55042D1DD1004A0043E319 /* Project object */;
			proxyType = 1;
			remoteGlobalIDString = 1B5504341DD1004A0043E319;
			remoteInfo = SlapChat;
		};
/* End PBXContainerItemProxy section */

/* Begin PBXFileReference section */
		1B5504351DD1004A0043E319 /* SlapChat.app */ = {isa = PBXFileReference; explicitFileType = wrapper.application; includeInIndex = 0; path = SlapChat.app; sourceTree = BUILT_PRODUCTS_DIR; };
		1B5504381DD1004A0043E319 /* AppDelegate.swift */ = {isa = PBXFileReference; lastKnownFileType = sourcecode.swift; path = AppDelegate.swift; sourceTree = "<group>"; };
		1B55043D1DD1004A0043E319 /* Base */ = {isa = PBXFileReference; lastKnownFileType = file.storyboard; name = Base; path = Base.lproj/Main.storyboard; sourceTree = "<group>"; };
		1B5504401DD1004A0043E319 /* SlapChat.xcdatamodel */ = {isa = PBXFileReference; lastKnownFileType = wrapper.xcdatamodel; path = SlapChat.xcdatamodel; sourceTree = "<group>"; };
		1B5504421DD1004A0043E319 /* Assets.xcassets */ = {isa = PBXFileReference; lastKnownFileType = folder.assetcatalog; path = Assets.xcassets; sourceTree = "<group>"; };
		1B5504451DD1004A0043E319 /* Base */ = {isa = PBXFileReference; lastKnownFileType = file.storyboard; name = Base; path = Base.lproj/LaunchScreen.storyboard; sourceTree = "<group>"; };
		1B5504471DD1004A0043E319 /* Info.plist */ = {isa = PBXFileReference; lastKnownFileType = text.plist.xml; path = Info.plist; sourceTree = "<group>"; };
		1B55046D1DD102400043E319 /* AddMessageViewController.swift */ = {isa = PBXFileReference; fileEncoding = 4; lastKnownFileType = sourcecode.swift; path = AddMessageViewController.swift; sourceTree = "<group>"; };
		1B55046E1DD102400043E319 /* DataStore.swift */ = {isa = PBXFileReference; fileEncoding = 4; lastKnownFileType = sourcecode.swift; path = DataStore.swift; sourceTree = "<group>"; };
		1B55046F1DD102400043E319 /* TableViewController.swift */ = {isa = PBXFileReference; fileEncoding = 4; lastKnownFileType = sourcecode.swift; path = TableViewController.swift; sourceTree = "<group>"; };
		8F68DA0C1E1466D7006F842D /* SlapChatTests.xctest */ = {isa = PBXFileReference; explicitFileType = wrapper.cfbundle; includeInIndex = 0; path = SlapChatTests.xctest; sourceTree = BUILT_PRODUCTS_DIR; };
		8F68DA0E1E1466D7006F842D /* SlapChatTests.swift */ = {isa = PBXFileReference; lastKnownFileType = sourcecode.swift; path = SlapChatTests.swift; sourceTree = "<group>"; };
		8F68DA101E1466D7006F842D /* Info.plist */ = {isa = PBXFileReference; lastKnownFileType = text.plist.xml; path = Info.plist; sourceTree = "<group>"; };
		F0149F261E7ABFA9003CBA1E /* RecipientTableViewController.swift */ = {isa = PBXFileReference; fileEncoding = 4; lastKnownFileType = sourcecode.swift; path = RecipientTableViewController.swift; sourceTree = "<group>"; };
		F0149F281E7AD20C003CBA1E /* AddRecipientViewController.swift */ = {isa = PBXFileReference; fileEncoding = 4; lastKnownFileType = sourcecode.swift; path = AddRecipientViewController.swift; sourceTree = "<group>"; };
/* End PBXFileReference section */

/* Begin PBXFrameworksBuildPhase section */
		1B5504321DD1004A0043E319 /* Frameworks */ = {
			isa = PBXFrameworksBuildPhase;
			buildActionMask = 2147483647;
			files = (
			);
			runOnlyForDeploymentPostprocessing = 0;
		};
		8F68DA091E1466D7006F842D /* Frameworks */ = {
			isa = PBXFrameworksBuildPhase;
			buildActionMask = 2147483647;
			files = (
			);
			runOnlyForDeploymentPostprocessing = 0;
		};
/* End PBXFrameworksBuildPhase section */

/* Begin PBXGroup section */
		1B55042C1DD1004A0043E319 = {
			isa = PBXGroup;
			children = (
				1B5504371DD1004A0043E319 /* SlapChat */,
				8F68DA0D1E1466D7006F842D /* SlapChatTests */,
				1B5504361DD1004A0043E319 /* Products */,
			);
			sourceTree = "<group>";
		};
		1B5504361DD1004A0043E319 /* Products */ = {
			isa = PBXGroup;
			children = (
				1B5504351DD1004A0043E319 /* SlapChat.app */,
				8F68DA0C1E1466D7006F842D /* SlapChatTests.xctest */,
			);
			name = Products;
			sourceTree = "<group>";
		};
		1B5504371DD1004A0043E319 /* SlapChat */ = {
			isa = PBXGroup;
			children = (
				1B5504381DD1004A0043E319 /* AppDelegate.swift */,
				1B55046E1DD102400043E319 /* DataStore.swift */,
				F0149F261E7ABFA9003CBA1E /* RecipientTableViewController.swift */,
				1B55046F1DD102400043E319 /* TableViewController.swift */,
				1B55046D1DD102400043E319 /* AddMessageViewController.swift */,
				F0149F281E7AD20C003CBA1E /* AddRecipientViewController.swift */,
				1B55043C1DD1004A0043E319 /* Main.storyboard */,
				1B5504421DD1004A0043E319 /* Assets.xcassets */,
				1B5504441DD1004A0043E319 /* LaunchScreen.storyboard */,
				1B5504471DD1004A0043E319 /* Info.plist */,
				1B55043F1DD1004A0043E319 /* SlapChat.xcdatamodeld */,
			);
			path = SlapChat;
			sourceTree = "<group>";
		};
		8F68DA0D1E1466D7006F842D /* SlapChatTests */ = {
			isa = PBXGroup;
			children = (
				8F68DA0E1E1466D7006F842D /* SlapChatTests.swift */,
				8F68DA101E1466D7006F842D /* Info.plist */,
			);
			path = SlapChatTests;
			sourceTree = "<group>";
		};
/* End PBXGroup section */

/* Begin PBXNativeTarget section */
		1B5504341DD1004A0043E319 /* SlapChat */ = {
			isa = PBXNativeTarget;
			buildConfigurationList = 1B5504601DD1004B0043E319 /* Build configuration list for PBXNativeTarget "SlapChat" */;
			buildPhases = (
				1B5504311DD1004A0043E319 /* Sources */,
				1B5504321DD1004A0043E319 /* Frameworks */,
				1B5504331DD1004A0043E319 /* Resources */,
			);
			buildRules = (
			);
			dependencies = (
			);
			name = SlapChat;
			productName = SlapChat;
			productReference = 1B5504351DD1004A0043E319 /* SlapChat.app */;
			productType = "com.apple.product-type.application";
		};
		8F68DA0B1E1466D7006F842D /* SlapChatTests */ = {
			isa = PBXNativeTarget;
			buildConfigurationList = 8F68DA151E1466D7006F842D /* Build configuration list for PBXNativeTarget "SlapChatTests" */;
			buildPhases = (
				8F68DA081E1466D7006F842D /* Sources */,
				8F68DA091E1466D7006F842D /* Frameworks */,
				8F68DA0A1E1466D7006F842D /* Resources */,
			);
			buildRules = (
			);
			dependencies = (
				8F68DA121E1466D7006F842D /* PBXTargetDependency */,
			);
			name = SlapChatTests;
			productName = SlapChatTests;
			productReference = 8F68DA0C1E1466D7006F842D /* SlapChatTests.xctest */;
			productType = "com.apple.product-type.bundle.unit-test";
		};
/* End PBXNativeTarget section */

/* Begin PBXProject section */
		1B55042D1DD1004A0043E319 /* Project object */ = {
			isa = PBXProject;
			attributes = {
				LastSwiftUpdateCheck = 0820;
				LastUpgradeCheck = 0820;
				ORGANIZATIONNAME = "Flatiron School";
				TargetAttributes = {
					1B5504341DD1004A0043E319 = {
						CreatedOnToolsVersion = 8.1;
						DevelopmentTeam = KXY9EDFTF5;
						ProvisioningStyle = Automatic;
					};
					8F68DA0B1E1466D7006F842D = {
						CreatedOnToolsVersion = 8.2.1;
						DevelopmentTeam = WNAGBXF4G9;
						ProvisioningStyle = Automatic;
						TestTargetID = 1B5504341DD1004A0043E319;
					};
				};
			};
			buildConfigurationList = 1B5504301DD1004A0043E319 /* Build configuration list for PBXProject "SlapChat" */;
			compatibilityVersion = "Xcode 3.2";
			developmentRegion = English;
			hasScannedForEncodings = 0;
			knownRegions = (
				en,
				Base,
			);
			mainGroup = 1B55042C1DD1004A0043E319;
			productRefGroup = 1B5504361DD1004A0043E319 /* Products */;
			projectDirPath = "";
			projectRoot = "";
			targets = (
				1B5504341DD1004A0043E319 /* SlapChat */,
				8F68DA0B1E1466D7006F842D /* SlapChatTests */,
			);
		};
/* End PBXProject section */

/* Begin PBXResourcesBuildPhase section */
		1B5504331DD1004A0043E319 /* Resources */ = {
			isa = PBXResourcesBuildPhase;
			buildActionMask = 2147483647;
			files = (
				1B5504461DD1004A0043E319 /* LaunchScreen.storyboard in Resources */,
				1B5504431DD1004A0043E319 /* Assets.xcassets in Resources */,
				1B55043E1DD1004A0043E319 /* Main.storyboard in Resources */,
			);
			runOnlyForDeploymentPostprocessing = 0;
		};
		8F68DA0A1E1466D7006F842D /* Resources */ = {
			isa = PBXResourcesBuildPhase;
			buildActionMask = 2147483647;
			files = (
			);
			runOnlyForDeploymentPostprocessing = 0;
		};
/* End PBXResourcesBuildPhase section */

/* Begin PBXSourcesBuildPhase section */
		1B5504311DD1004A0043E319 /* Sources */ = {
			isa = PBXSourcesBuildPhase;
			buildActionMask = 2147483647;
			files = (
				1B5504711DD102400043E319 /* DataStore.swift in Sources */,
				F0149F291E7AD20C003CBA1E /* AddRecipientViewController.swift in Sources */,
				1B5504701DD102400043E319 /* AddMessageViewController.swift in Sources */,
				1B5504411DD1004A0043E319 /* SlapChat.xcdatamodeld in Sources */,
				F0149F271E7ABFA9003CBA1E /* RecipientTableViewController.swift in Sources */,
				1B5504721DD102400043E319 /* TableViewController.swift in Sources */,
				1B5504391DD1004A0043E319 /* AppDelegate.swift in Sources */,
			);
			runOnlyForDeploymentPostprocessing = 0;
		};
		8F68DA081E1466D7006F842D /* Sources */ = {
			isa = PBXSourcesBuildPhase;
			buildActionMask = 2147483647;
			files = (
				8F68DA0F1E1466D7006F842D /* SlapChatTests.swift in Sources */,
			);
			runOnlyForDeploymentPostprocessing = 0;
		};
/* End PBXSourcesBuildPhase section */

/* Begin PBXTargetDependency section */
		8F68DA121E1466D7006F842D /* PBXTargetDependency */ = {
			isa = PBXTargetDependency;
			target = 1B5504341DD1004A0043E319 /* SlapChat */;
			targetProxy = 8F68DA111E1466D7006F842D /* PBXContainerItemProxy */;
		};
/* End PBXTargetDependency section */

/* Begin PBXVariantGroup section */
		1B55043C1DD1004A0043E319 /* Main.storyboard */ = {
			isa = PBXVariantGroup;
			children = (
				1B55043D1DD1004A0043E319 /* Base */,
			);
			name = Main.storyboard;
			sourceTree = "<group>";
		};
		1B5504441DD1004A0043E319 /* LaunchScreen.storyboard */ = {
			isa = PBXVariantGroup;
			children = (
				1B5504451DD1004A0043E319 /* Base */,
			);
			name = LaunchScreen.storyboard;
			sourceTree = "<group>";
		};
/* End PBXVariantGroup section */

/* Begin XCBuildConfiguration section */
		1B55045E1DD1004B0043E319 /* Debug */ = {
			isa = XCBuildConfiguration;
			buildSettings = {
				ALWAYS_SEARCH_USER_PATHS = NO;
				CLANG_ANALYZER_NONNULL = YES;
				CLANG_CXX_LANGUAGE_STANDARD = "gnu++0x";
				CLANG_CXX_LIBRARY = "libc++";
				CLANG_ENABLE_MODULES = YES;
				CLANG_ENABLE_OBJC_ARC = YES;
				CLANG_WARN_BOOL_CONVERSION = YES;
				CLANG_WARN_CONSTANT_CONVERSION = YES;
				CLANG_WARN_DIRECT_OBJC_ISA_USAGE = YES_ERROR;
				CLANG_WARN_DOCUMENTATION_COMMENTS = YES;
				CLANG_WARN_EMPTY_BODY = YES;
				CLANG_WARN_ENUM_CONVERSION = YES;
				CLANG_WARN_INFINITE_RECURSION = YES;
				CLANG_WARN_INT_CONVERSION = YES;
				CLANG_WARN_OBJC_ROOT_CLASS = YES_ERROR;
				CLANG_WARN_SUSPICIOUS_MOVE = YES;
				CLANG_WARN_SUSPICIOUS_MOVES = YES;
				CLANG_WARN_UNREACHABLE_CODE = YES;
				CLANG_WARN__DUPLICATE_METHOD_MATCH = YES;
				"CODE_SIGN_IDENTITY[sdk=iphoneos*]" = "iPhone Developer";
				COPY_PHASE_STRIP = NO;
				DEBUG_INFORMATION_FORMAT = dwarf;
				ENABLE_STRICT_OBJC_MSGSEND = YES;
				ENABLE_TESTABILITY = YES;
				GCC_C_LANGUAGE_STANDARD = gnu99;
				GCC_DYNAMIC_NO_PIC = NO;
				GCC_NO_COMMON_BLOCKS = YES;
				GCC_OPTIMIZATION_LEVEL = 0;
				GCC_PREPROCESSOR_DEFINITIONS = (
					"DEBUG=1",
					"$(inherited)",
				);
				GCC_WARN_64_TO_32_BIT_CONVERSION = YES;
				GCC_WARN_ABOUT_RETURN_TYPE = YES_ERROR;
				GCC_WARN_UNDECLARED_SELECTOR = YES;
				GCC_WARN_UNINITIALIZED_AUTOS = YES_AGGRESSIVE;
				GCC_WARN_UNUSED_FUNCTION = YES;
				GCC_WARN_UNUSED_VARIABLE = YES;
				IPHONEOS_DEPLOYMENT_TARGET = 10.1;
				MTL_ENABLE_DEBUG_INFO = YES;
				ONLY_ACTIVE_ARCH = YES;
				SDKROOT = iphoneos;
				SWIFT_ACTIVE_COMPILATION_CONDITIONS = DEBUG;
				SWIFT_OPTIMIZATION_LEVEL = "-Onone";
				TARGETED_DEVICE_FAMILY = "1,2";
			};
			name = Debug;
		};
		1B55045F1DD1004B0043E319 /* Release */ = {
			isa = XCBuildConfiguration;
			buildSettings = {
				ALWAYS_SEARCH_USER_PATHS = NO;
				CLANG_ANALYZER_NONNULL = YES;
				CLANG_CXX_LANGUAGE_STANDARD = "gnu++0x";
				CLANG_CXX_LIBRARY = "libc++";
				CLANG_ENABLE_MODULES = YES;
				CLANG_ENABLE_OBJC_ARC = YES;
				CLANG_WARN_BOOL_CONVERSION = YES;
				CLANG_WARN_CONSTANT_CONVERSION = YES;
				CLANG_WARN_DIRECT_OBJC_ISA_USAGE = YES_ERROR;
				CLANG_WARN_DOCUMENTATION_COMMENTS = YES;
				CLANG_WARN_EMPTY_BODY = YES;
				CLANG_WARN_ENUM_CONVERSION = YES;
				CLANG_WARN_INFINITE_RECURSION = YES;
				CLANG_WARN_INT_CONVERSION = YES;
				CLANG_WARN_OBJC_ROOT_CLASS = YES_ERROR;
				CLANG_WARN_SUSPICIOUS_MOVE = YES;
				CLANG_WARN_SUSPICIOUS_MOVES = YES;
				CLANG_WARN_UNREACHABLE_CODE = YES;
				CLANG_WARN__DUPLICATE_METHOD_MATCH = YES;
				"CODE_SIGN_IDENTITY[sdk=iphoneos*]" = "iPhone Developer";
				COPY_PHASE_STRIP = NO;
				DEBUG_INFORMATION_FORMAT = "dwarf-with-dsym";
				ENABLE_NS_ASSERTIONS = NO;
				ENABLE_STRICT_OBJC_MSGSEND = YES;
				GCC_C_LANGUAGE_STANDARD = gnu99;
				GCC_NO_COMMON_BLOCKS = YES;
				GCC_WARN_64_TO_32_BIT_CONVERSION = YES;
				GCC_WARN_ABOUT_RETURN_TYPE = YES_ERROR;
				GCC_WARN_UNDECLARED_SELECTOR = YES;
				GCC_WARN_UNINITIALIZED_AUTOS = YES_AGGRESSIVE;
				GCC_WARN_UNUSED_FUNCTION = YES;
				GCC_WARN_UNUSED_VARIABLE = YES;
				IPHONEOS_DEPLOYMENT_TARGET = 10.1;
				MTL_ENABLE_DEBUG_INFO = NO;
				SDKROOT = iphoneos;
				SWIFT_OPTIMIZATION_LEVEL = "-Owholemodule";
				TARGETED_DEVICE_FAMILY = "1,2";
				VALIDATE_PRODUCT = YES;
			};
			name = Release;
		};
		1B5504611DD1004B0043E319 /* Debug */ = {
			isa = XCBuildConfiguration;
			buildSettings = {
				ASSETCATALOG_COMPILER_APPICON_NAME = AppIcon;
				DEVELOPMENT_TEAM = KXY9EDFTF5;
				INFOPLIST_FILE = SlapChat/Info.plist;
				LD_RUNPATH_SEARCH_PATHS = "$(inherited) @executable_path/Frameworks";
				PRODUCT_BUNDLE_IDENTIFIER = com.FlatironSchool.SlapChat;
				PRODUCT_NAME = "$(TARGET_NAME)";
				SWIFT_VERSION = 3.0;
			};
			name = Debug;
		};
		1B5504621DD1004B0043E319 /* Release */ = {
			isa = XCBuildConfiguration;
			buildSettings = {
				ASSETCATALOG_COMPILER_APPICON_NAME = AppIcon;
				DEVELOPMENT_TEAM = KXY9EDFTF5;
				INFOPLIST_FILE = SlapChat/Info.plist;
				LD_RUNPATH_SEARCH_PATHS = "$(inherited) @executable_path/Frameworks";
				PRODUCT_BUNDLE_IDENTIFIER = com.FlatironSchool.SlapChat;
				PRODUCT_NAME = "$(TARGET_NAME)";
				SWIFT_VERSION = 3.0;
			};
			name = Release;
		};
		8F68DA131E1466D7006F842D /* Debug */ = {
			isa = XCBuildConfiguration;
			buildSettings = {
				BUNDLE_LOADER = "$(TEST_HOST)";
				CLANG_WARN_SUSPICIOUS_MOVE = YES;
				DEVELOPMENT_TEAM = WNAGBXF4G9;
				INFOPLIST_FILE = SlapChatTests/Info.plist;
				IPHONEOS_DEPLOYMENT_TARGET = 10.2;
				LD_RUNPATH_SEARCH_PATHS = "$(inherited) @executable_path/Frameworks @loader_path/Frameworks";
				PRODUCT_BUNDLE_IDENTIFIER = com.johannkerr.SlapChatTests;
				PRODUCT_NAME = "$(TARGET_NAME)";
				SWIFT_VERSION = 3.0;
				TEST_HOST = "$(BUILT_PRODUCTS_DIR)/SlapChat.app/SlapChat";
			};
			name = Debug;
		};
		8F68DA141E1466D7006F842D /* Release */ = {
			isa = XCBuildConfiguration;
			buildSettings = {
				BUNDLE_LOADER = "$(TEST_HOST)";
				CLANG_WARN_SUSPICIOUS_MOVE = YES;
				DEVELOPMENT_TEAM = WNAGBXF4G9;
				INFOPLIST_FILE = SlapChatTests/Info.plist;
				IPHONEOS_DEPLOYMENT_TARGET = 10.2;
				LD_RUNPATH_SEARCH_PATHS = "$(inherited) @executable_path/Frameworks @loader_path/Frameworks";
				PRODUCT_BUNDLE_IDENTIFIER = com.johannkerr.SlapChatTests;
				PRODUCT_NAME = "$(TARGET_NAME)";
				SWIFT_VERSION = 3.0;
				TEST_HOST = "$(BUILT_PRODUCTS_DIR)/SlapChat.app/SlapChat";
			};
			name = Release;
		};
/* End XCBuildConfiguration section */

/* Begin XCConfigurationList section */
		1B5504301DD1004A0043E319 /* Build configuration list for PBXProject "SlapChat" */ = {
			isa = XCConfigurationList;
			buildConfigurations = (
				1B55045E1DD1004B0043E319 /* Debug */,
				1B55045F1DD1004B0043E319 /* Release */,
			);
			defaultConfigurationIsVisible = 0;
			defaultConfigurationName = Release;
		};
		1B5504601DD1004B0043E319 /* Build configuration list for PBXNativeTarget "SlapChat" */ = {
			isa = XCConfigurationList;
			buildConfigurations = (
				1B5504611DD1004B0043E319 /* Debug */,
				1B5504621DD1004B0043E319 /* Release */,
			);
			defaultConfigurationIsVisible = 0;
			defaultConfigurationName = Release;
		};
		8F68DA151E1466D7006F842D /* Build configuration list for PBXNativeTarget "SlapChatTests" */ = {
			isa = XCConfigurationList;
			buildConfigurations = (
				8F68DA131E1466D7006F842D /* Debug */,
				8F68DA141E1466D7006F842D /* Release */,
			);
			defaultConfigurationIsVisible = 0;
			defaultConfigurationName = Release;
		};
/* End XCConfigurationList section */

/* Begin XCVersionGroup section */
		1B55043F1DD1004A0043E319 /* SlapChat.xcdatamodeld */ = {
			isa = XCVersionGroup;
			children = (
				1B5504401DD1004A0043E319 /* SlapChat.xcdatamodel */,
			);
			currentVersion = 1B5504401DD1004A0043E319 /* SlapChat.xcdatamodel */;
			path = SlapChat.xcdatamodeld;
			sourceTree = "<group>";
			versionGroupType = wrapper.xcdatamodel;
		};
/* End XCVersionGroup section */
	};
	rootObject = 1B55042D1DD1004A0043E319 /* Project object */;
}
